
Microsoft Visual Studio Solution File, Format Version 12.00
# Visual Studio Version 16
VisualStudioVersion = 16.0.29418.71
MinimumVisualStudioVersion = 10.0.40219.1
Project("{2150E333-8FDC-42A3-9474-1A3956D46DE8}") = "Application", "Application", "{343FC982-1F84-4ECF-B938-838823D4213E}"
EndProject
Project("{2150E333-8FDC-42A3-9474-1A3956D46DE8}") = "DataAccess", "DataAccess", "{DEB78263-B144-49C4-AC72-2929CFCCA1CF}"
EndProject
Project("{2150E333-8FDC-42A3-9474-1A3956D46DE8}") = "Library", "Library", "{EB113709-EBA2-4EEA-8C2D-36CE19549151}"
EndProject
Project("{2150E333-8FDC-42A3-9474-1A3956D46DE8}") = "Business", "Business", "{BD483DA7-DAF2-403A-896E-AD366CB1754A}"
EndProject
Project("{FAE04EC0-301F-11D3-BF4B-00C04F79EFBC}") = "VM.Common", "Library\VM.Common\VM.Common.csproj", "{72191FBA-E9C5-4812-BDE2-2A4398DA272E}"
EndProject
Project("{FAE04EC0-301F-11D3-BF4B-00C04F79EFBC}") = "DataAccess", "DataAccess\DataAccess.csproj", "{9FD5A9F4-7AA8-4C4D-BF4A-4AF0BE9B0167}"
EndProject
Project("{FAE04EC0-301F-11D3-BF4B-00C04F79EFBC}") = "VM.ThreadingEx", "Library\VM.ThreadingEx\VM.ThreadingEx.csproj", "{6B23B876-64D7-49F1-94C3-437E5D0841D3}"
EndProject
Project("{FAE04EC0-301F-11D3-BF4B-00C04F79EFBC}") = "VM.Data.Queue", "Library\VM.Data.Queue\VM.Data.Queue.csproj", "{590BD6CF-450D-46B4-9DE0-BA6C0F9D0E0E}"
EndProject
Project("{FAE04EC0-301F-11D3-BF4B-00C04F79EFBC}") = "VM.Framework.Core", "Library\VM.Framework.Core\VM.Framework.Core.csproj", "{3330704D-A396-4DE2-A2E8-C588F423E13F}"
EndProject
Project("{FAE04EC0-301F-11D3-BF4B-00C04F79EFBC}") = "PMS.Contract", "Business\PMS.Contract\PMS.Contract.csproj", "{0F087047-1AAA-4358-8C9D-00A3852F1626}"
EndProject
Project("{FAE04EC0-301F-11D3-BF4B-00C04F79EFBC}") = "PMS.Business", "Business\PMS.Business\PMS.Business.csproj", "{A7B5660E-5237-40D9-91CC-DD9D88FAF797}"
EndProject
Project("{FAE04EC0-301F-11D3-BF4B-00C04F79EFBC}") = "PMS.WebApp", "App\WebApp\PMS.WebApp.csproj", "{011F3F05-8245-4D1A-911D-28EDB4150452}"
EndProject
Project("{FAE04EC0-301F-11D3-BF4B-00C04F79EFBC}") = "PMS.SynDataManager", "App\PMS.SynDataManager\PMS.SynDataManager.csproj", "{B879E11F-FD3B-4CF8-A640-364900BD3AD9}"
EndProject
Project("{FAE04EC0-301F-11D3-BF4B-00C04F79EFBC}") = "PMS.MigrateEHosManager", "App\PMS.MigrateEHosManager\PMS.MigrateEHosManager.csproj", "{13C1CFB8-7B13-417B-B50C-12E61041EA99}"
EndProject
Project("{FAE04EC0-301F-11D3-BF4B-00C04F79EFBC}") = "PMS.UpdateDimsManager", "App\PMS.UpdateDimsManager\PMS.UpdateDimsManager.csproj", "{8C468565-4692-4E76-9729-2E8D1F511BE8}"
EndProject
Project("{FAE04EC0-301F-11D3-BF4B-00C04F79EFBC}") = "PMS.AutoUpdatePiPackageUsing", "App\PMS.AutoUpdatePiPackageUsing\PMS.AutoUpdatePiPackageUsing.csproj", "{623E4653-486F-4ADE-8EAD-4FE8F93781FA}"
EndProject
Global
	GlobalSection(SolutionConfigurationPlatforms) = preSolution
		Debug|Any CPU = Debug|Any CPU
		Release|Any CPU = Release|Any CPU
	EndGlobalSection
	GlobalSection(ProjectConfigurationPlatforms) = postSolution
		{72191FBA-E9C5-4812-BDE2-2A4398DA272E}.Debug|Any CPU.ActiveCfg = Debug|Any CPU
		{72191FBA-E9C5-4812-BDE2-2A4398DA272E}.Debug|Any CPU.Build.0 = Debug|Any CPU
		{72191FBA-E9C5-4812-BDE2-2A4398DA272E}.Release|Any CPU.ActiveCfg = Release|Any CPU
		{72191FBA-E9C5-4812-BDE2-2A4398DA272E}.Release|Any CPU.Build.0 = Release|Any CPU
		{9FD5A9F4-7AA8-4C4D-BF4A-4AF0BE9B0167}.Debug|Any CPU.ActiveCfg = Debug|Any CPU
		{9FD5A9F4-7AA8-4C4D-BF4A-4AF0BE9B0167}.Debug|Any CPU.Build.0 = Debug|Any CPU
		{9FD5A9F4-7AA8-4C4D-BF4A-4AF0BE9B0167}.Release|Any CPU.ActiveCfg = Release|Any CPU
		{9FD5A9F4-7AA8-4C4D-BF4A-4AF0BE9B0167}.Release|Any CPU.Build.0 = Release|Any CPU
		{6B23B876-64D7-49F1-94C3-437E5D0841D3}.Debug|Any CPU.ActiveCfg = Debug|Any CPU
		{6B23B876-64D7-49F1-94C3-437E5D0841D3}.Debug|Any CPU.Build.0 = Debug|Any CPU
		{6B23B876-64D7-49F1-94C3-437E5D0841D3}.Release|Any CPU.ActiveCfg = Release|Any CPU
		{6B23B876-64D7-49F1-94C3-437E5D0841D3}.Release|Any CPU.Build.0 = Release|Any CPU
		{590BD6CF-450D-46B4-9DE0-BA6C0F9D0E0E}.Debug|Any CPU.ActiveCfg = Debug|Any CPU
		{590BD6CF-450D-46B4-9DE0-BA6C0F9D0E0E}.Debug|Any CPU.Build.0 = Debug|Any CPU
		{590BD6CF-450D-46B4-9DE0-BA6C0F9D0E0E}.Release|Any CPU.ActiveCfg = Release|Any CPU
		{590BD6CF-450D-46B4-9DE0-BA6C0F9D0E0E}.Release|Any CPU.Build.0 = Release|Any CPU
		{3330704D-A396-4DE2-A2E8-C588F423E13F}.Debug|Any CPU.ActiveCfg = Debug|Any CPU
		{3330704D-A396-4DE2-A2E8-C588F423E13F}.Debug|Any CPU.Build.0 = Debug|Any CPU
		{3330704D-A396-4DE2-A2E8-C588F423E13F}.Release|Any CPU.ActiveCfg = Release|Any CPU
		{3330704D-A396-4DE2-A2E8-C588F423E13F}.Release|Any CPU.Build.0 = Release|Any CPU
		{0F087047-1AAA-4358-8C9D-00A3852F1626}.Debug|Any CPU.ActiveCfg = Debug|Any CPU
		{0F087047-1AAA-4358-8C9D-00A3852F1626}.Debug|Any CPU.Build.0 = Debug|Any CPU
		{0F087047-1AAA-4358-8C9D-00A3852F1626}.Release|Any CPU.ActiveCfg = Release|Any CPU
		{0F087047-1AAA-4358-8C9D-00A3852F1626}.Release|Any CPU.Build.0 = Release|Any CPU
		{A7B5660E-5237-40D9-91CC-DD9D88FAF797}.Debug|Any CPU.ActiveCfg = Debug|Any CPU
		{A7B5660E-5237-40D9-91CC-DD9D88FAF797}.Debug|Any CPU.Build.0 = Debug|Any CPU
		{A7B5660E-5237-40D9-91CC-DD9D88FAF797}.Release|Any CPU.ActiveCfg = Release|Any CPU
		{A7B5660E-5237-40D9-91CC-DD9D88FAF797}.Release|Any CPU.Build.0 = Release|Any CPU
		{011F3F05-8245-4D1A-911D-28EDB4150452}.Debug|Any CPU.ActiveCfg = Debug|Any CPU
		{011F3F05-8245-4D1A-911D-28EDB4150452}.Debug|Any CPU.Build.0 = Debug|Any CPU
		{011F3F05-8245-4D1A-911D-28EDB4150452}.Release|Any CPU.ActiveCfg = Release|Any CPU
		{011F3F05-8245-4D1A-911D-28EDB4150452}.Release|Any CPU.Build.0 = Release|Any CPU
		{B879E11F-FD3B-4CF8-A640-364900BD3AD9}.Debug|Any CPU.ActiveCfg = Debug|Any CPU
		{B879E11F-FD3B-4CF8-A640-364900BD3AD9}.Debug|Any CPU.Build.0 = Debug|Any CPU
		{B879E11F-FD3B-4CF8-A640-364900BD3AD9}.Release|Any CPU.ActiveCfg = Release|Any CPU
		{B879E11F-FD3B-4CF8-A640-364900BD3AD9}.Release|Any CPU.Build.0 = Release|Any CPU
		{13C1CFB8-7B13-417B-B50C-12E61041EA99}.Debug|Any CPU.ActiveCfg = Debug|Any CPU
		{13C1CFB8-7B13-417B-B50C-12E61041EA99}.Debug|Any CPU.Build.0 = Debug|Any CPU
		{13C1CFB8-7B13-417B-B50C-12E61041EA99}.Release|Any CPU.ActiveCfg = Release|Any CPU
		{13C1CFB8-7B13-417B-B50C-12E61041EA99}.Release|Any CPU.Build.0 = Release|Any CPU
		{8C468565-4692-4E76-9729-2E8D1F511BE8}.Debug|Any CPU.ActiveCfg = Debug|Any CPU
		{8C468565-4692-4E76-9729-2E8D1F511BE8}.Debug|Any CPU.Build.0 = Debug|Any CPU
		{8C468565-4692-4E76-9729-2E8D1F511BE8}.Release|Any CPU.ActiveCfg = Release|Any CPU
		{8C468565-4692-4E76-9729-2E8D1F511BE8}.Release|Any CPU.Build.0 = Release|Any CPU
		{623E4653-486F-4ADE-8EAD-4FE8F93781FA}.Debug|Any CPU.ActiveCfg = Debug|Any CPU
		{623E4653-486F-4ADE-8EAD-4FE8F93781FA}.Debug|Any CPU.Build.0 = Debug|Any CPU
		{623E4653-486F-4ADE-8EAD-4FE8F93781FA}.Release|Any CPU.ActiveCfg = Release|Any CPU
		{623E4653-486F-4ADE-8EAD-4FE8F93781FA}.Release|Any CPU.Build.0 = Release|Any CPU
	EndGlobalSection
	GlobalSection(SolutionProperties) = preSolution
		HideSolutionNode = FALSE
	EndGlobalSection
	GlobalSection(NestedProjects) = preSolution
		{72191FBA-E9C5-4812-BDE2-2A4398DA272E} = {EB113709-EBA2-4EEA-8C2D-36CE19549151}
		{9FD5A9F4-7AA8-4C4D-BF4A-4AF0BE9B0167} = {DEB78263-B144-49C4-AC72-2929CFCCA1CF}
		{6B23B876-64D7-49F1-94C3-437E5D0841D3} = {EB113709-EBA2-4EEA-8C2D-36CE19549151}
		{590BD6CF-450D-46B4-9DE0-BA6C0F9D0E0E} = {EB113709-EBA2-4EEA-8C2D-36CE19549151}
		{3330704D-A396-4DE2-A2E8-C588F423E13F} = {EB113709-EBA2-4EEA-8C2D-36CE19549151}
		{0F087047-1AAA-4358-8C9D-00A3852F1626} = {BD483DA7-DAF2-403A-896E-AD366CB1754A}
		{A7B5660E-5237-40D9-91CC-DD9D88FAF797} = {BD483DA7-DAF2-403A-896E-AD366CB1754A}
		{011F3F05-8245-4D1A-911D-28EDB4150452} = {343FC982-1F84-4ECF-B938-838823D4213E}
		{B879E11F-FD3B-4CF8-A640-364900BD3AD9} = {343FC982-1F84-4ECF-B938-838823D4213E}
		{13C1CFB8-7B13-417B-B50C-12E61041EA99} = {343FC982-1F84-4ECF-B938-838823D4213E}
		{8C468565-4692-4E76-9729-2E8D1F511BE8} = {343FC982-1F84-4ECF-B938-838823D4213E}
		{623E4653-486F-4ADE-8EAD-4FE8F93781FA} = {343FC982-1F84-4ECF-B938-838823D4213E}
	EndGlobalSection
	GlobalSection(ExtensibilityGlobals) = postSolution
		SolutionGuid = {AF2C565A-DD5B-45AF-AB2A-C9042D05AC28}
	EndGlobalSection
EndGlobal
